
Microsoft Visual Studio Solution File, Format Version 12.00
# Visual Studio Version 17
VisualStudioVersion = 17.14.36915.13 d17.14
MinimumVisualStudioVersion = 10.0.40219.1
Project("{FAE04EC0-301F-11D3-BF4B-00C04F79EFBC}") = "Topic 1 - Basics (Assignment)", "Topic 1 - Basics (Assignment)\Topic 1 - Basics (Assignment).csproj", "{DA609DC1-A9AC-4B69-9A3A-73126A10E3FB}"
EndProject
Global
	GlobalSection(SolutionConfigurationPlatforms) = preSolution
		Debug|Any CPU = Debug|Any CPU
		Release|Any CPU = Release|Any CPU
	EndGlobalSection
	GlobalSection(ProjectConfigurationPlatforms) = postSolution
		{DA609DC1-A9AC-4B69-9A3A-73126A10E3FB}.Debug|Any CPU.ActiveCfg = Debug|Any CPU
		{DA609DC1-A9AC-4B69-9A3A-73126A10E3FB}.Debug|Any CPU.Build.0 = Debug|Any CPU
		{DA609DC1-A9AC-4B69-9A3A-73126A10E3FB}.Release|Any CPU.ActiveCfg = Release|Any CPU
		{DA609DC1-A9AC-4B69-9A3A-73126A10E3FB}.Release|Any CPU.Build.0 = Release|Any CPU
	EndGlobalSection
	GlobalSection(SolutionProperties) = preSolution
		HideSolutionNode = FALSE
	EndGlobalSection
	GlobalSection(ExtensibilityGlobals) = postSolution
		SolutionGuid = {61FF566A-A201-4E2C-8EF8-A60F3F12971E}
	EndGlobalSection
EndGlobal
